
Microsoft Visual Studio Solution File, Format Version 12.00
# Visual Studio Version 17
VisualStudioVersion = 17.0.32112.339
MinimumVisualStudioVersion = 10.0.40219.1
Project("{FAE04EC0-301F-11D3-BF4B-00C04F79EFBC}") = "PedidosApp", "PedidosApp.csproj", "{16B71793-FF39-446A-9BFC-2B8F24823870}"
EndProject
Global
	GlobalSection(SolutionConfigurationPlatforms) = preSolution
		Debug|Any CPU = Debug|Any CPU
		Release|Any CPU = Release|Any CPU
	EndGlobalSection
	GlobalSection(ProjectConfigurationPlatforms) = postSolution
		{16B71793-FF39-446A-9BFC-2B8F24823870}.Debug|Any CPU.ActiveCfg = Debug|Any CPU
		{16B71793-FF39-446A-9BFC-2B8F24823870}.Debug|Any CPU.Build.0 = Debug|Any CPU
		{16B71793-FF39-446A-9BFC-2B8F24823870}.Release|Any CPU.ActiveCfg = Release|Any CPU
		{16B71793-FF39-446A-9BFC-2B8F24823870}.Release|Any CPU.Build.0 = Release|Any CPU
	EndGlobalSection
	GlobalSection(SolutionProperties) = preSolution
		HideSolutionNode = FALSE
	EndGlobalSection
	GlobalSection(ExtensibilityGlobals) = postSolution
		SolutionGuid = {58D3CEFC-7600-4586-AFD8-59364D3EA33B}
	EndGlobalSection
EndGlobal
